
Microsoft Visual Studio Solution File, Format Version 12.00
# Visual Studio Version 17
VisualStudioVersion = 17.3.32929.385
MinimumVisualStudioVersion = 10.0.40219.1
Project("{FAE04EC0-301F-11D3-BF4B-00C04F79EFBC}") = "ChartJS_Test", "ChartJS_Test\ChartJS_Test.csproj", "{6670703E-E8D8-42F7-A461-9B3F9ED173E2}"
EndProject
Global
	GlobalSection(SolutionConfigurationPlatforms) = preSolution
		Debug|Any CPU = Debug|Any CPU
		Release|Any CPU = Release|Any CPU
	EndGlobalSection
	GlobalSection(ProjectConfigurationPlatforms) = postSolution
		{6670703E-E8D8-42F7-A461-9B3F9ED173E2}.Debug|Any CPU.ActiveCfg = Debug|Any CPU
		{6670703E-E8D8-42F7-A461-9B3F9ED173E2}.Debug|Any CPU.Build.0 = Debug|Any CPU
		{6670703E-E8D8-42F7-A461-9B3F9ED173E2}.Release|Any CPU.ActiveCfg = Release|Any CPU
		{6670703E-E8D8-42F7-A461-9B3F9ED173E2}.Release|Any CPU.Build.0 = Release|Any CPU
	EndGlobalSection
	GlobalSection(SolutionProperties) = preSolution
		HideSolutionNode = FALSE
	EndGlobalSection
	GlobalSection(ExtensibilityGlobals) = postSolution
		SolutionGuid = {FE3B557D-57B0-46BD-9B64-A52A06F7BF19}
	EndGlobalSection
EndGlobal
